# This file is autogenerated, do not edit; changes may be undone by the next 'dep ensure'.


[[projects]]
  branch = "master"
  name = "golang.org/x/net"
  packages = [
    "context",
    "context/ctxhttp"
  ]
  revision = "f4c29de78a2a91c00474a2e689954305c350adf9"

[solve-meta]
  analyzer-name = "dep"
  analyzer-version = 1
  inputs-digest = "3f0b2e694bc2de84d6452b6c5d6fa1cdbd4ae08a6b1ac554514a2839cd4167e6"
  solver-name = "gps-cdcl"
  solver-version = 1
